// !$*UTF8*$!
{
	archiveVersion = 1;
	classes = {
	};
	objectVersion = 46;
	objects = {

/* Begin PBXBuildFile section */
		9568A9381F182E7700B5AFEA /* main.cc in Sources */ = {isa = PBXBuildFile; fileRef = 9568A9371F182E7700B5AFEA /* main.cc */; };
		95AFC5DD1F196D35005BAD4D /* floor.cc in Sources */ = {isa = PBXBuildFile; fileRef = 95AFC5DB1F196D35005BAD4D /* floor.cc */; };
		95AFC5E01F196DA3005BAD4D /* thing.cc in Sources */ = {isa = PBXBuildFile; fileRef = 95AFC5DE1F196DA3005BAD4D /* thing.cc */; };
		95AFC5E31F1BCBDB005BAD4D /* player.cc in Sources */ = {isa = PBXBuildFile; fileRef = 95AFC5E11F1BCBDB005BAD4D /* player.cc */; };
		95AFC5E61F1BCC28005BAD4D /* gold.cc in Sources */ = {isa = PBXBuildFile; fileRef = 95AFC5E41F1BCC28005BAD4D /* gold.cc */; };
		95AFC5E91F1BCC74005BAD4D /* potion.cc in Sources */ = {isa = PBXBuildFile; fileRef = 95AFC5E71F1BCC74005BAD4D /* potion.cc */; };
		95AFC5EC1F1BF234005BAD4D /* shade.cc in Sources */ = {isa = PBXBuildFile; fileRef = 95AFC5EA1F1BF234005BAD4D /* shade.cc */; };
		95AFC5EF1F1BFAAF005BAD4D /* drow.cc in Sources */ = {isa = PBXBuildFile; fileRef = 95AFC5ED1F1BFAAF005BAD4D /* drow.cc */; };
		95AFC5F21F1BFCBD005BAD4D /* vampire.cc in Sources */ = {isa = PBXBuildFile; fileRef = 95AFC5F01F1BFCBD005BAD4D /* vampire.cc */; };
		95AFC5F51F1BFD5E005BAD4D /* troll.cc in Sources */ = {isa = PBXBuildFile; fileRef = 95AFC5F31F1BFD5E005BAD4D /* troll.cc */; };
		95AFC5F81F1BFEE9005BAD4D /* goblin.cc in Sources */ = {isa = PBXBuildFile; fileRef = 95AFC5F61F1BFEE9005BAD4D /* goblin.cc */; };
/* End PBXBuildFile section */

/* Begin PBXCopyFilesBuildPhase section */
		9568A9321F182E7700B5AFEA /* CopyFiles */ = {
			isa = PBXCopyFilesBuildPhase;
			buildActionMask = 2147483647;
			dstPath = /usr/share/man/man1/;
			dstSubfolderSpec = 0;
			files = (
			);
			runOnlyForDeploymentPostprocessing = 1;
		};
/* End PBXCopyFilesBuildPhase section */

/* Begin PBXFileReference section */
		9568A9341F182E7700B5AFEA /* CC3K */ = {isa = PBXFileReference; explicitFileType = "compiled.mach-o.executable"; includeInIndex = 0; path = CC3K; sourceTree = BUILT_PRODUCTS_DIR; };
		9568A9371F182E7700B5AFEA /* main.cc */ = {isa = PBXFileReference; lastKnownFileType = sourcecode.cpp.cpp; path = main.cc; sourceTree = "<group>"; };
		95AFC5DB1F196D35005BAD4D /* floor.cc */ = {isa = PBXFileReference; fileEncoding = 4; lastKnownFileType = sourcecode.cpp.cpp; path = floor.cc; sourceTree = "<group>"; };
		95AFC5DC1F196D35005BAD4D /* floor.h */ = {isa = PBXFileReference; fileEncoding = 4; lastKnownFileType = sourcecode.c.h; path = floor.h; sourceTree = "<group>"; };
		95AFC5DE1F196DA3005BAD4D /* thing.cc */ = {isa = PBXFileReference; fileEncoding = 4; lastKnownFileType = sourcecode.cpp.cpp; path = thing.cc; sourceTree = "<group>"; };
		95AFC5DF1F196DA3005BAD4D /* thing.h */ = {isa = PBXFileReference; fileEncoding = 4; lastKnownFileType = sourcecode.c.h; path = thing.h; sourceTree = "<group>"; };
		95AFC5E11F1BCBDB005BAD4D /* player.cc */ = {isa = PBXFileReference; fileEncoding = 4; lastKnownFileType = sourcecode.cpp.cpp; path = player.cc; sourceTree = "<group>"; };
		95AFC5E21F1BCBDB005BAD4D /* player.h */ = {isa = PBXFileReference; fileEncoding = 4; lastKnownFileType = sourcecode.c.h; path = player.h; sourceTree = "<group>"; };
		95AFC5E41F1BCC28005BAD4D /* gold.cc */ = {isa = PBXFileReference; fileEncoding = 4; lastKnownFileType = sourcecode.cpp.cpp; path = gold.cc; sourceTree = "<group>"; };
		95AFC5E51F1BCC28005BAD4D /* gold.h */ = {isa = PBXFileReference; fileEncoding = 4; lastKnownFileType = sourcecode.c.h; path = gold.h; sourceTree = "<group>"; };
		95AFC5E71F1BCC74005BAD4D /* potion.cc */ = {isa = PBXFileReference; fileEncoding = 4; lastKnownFileType = sourcecode.cpp.cpp; path = potion.cc; sourceTree = "<group>"; };
		95AFC5E81F1BCC74005BAD4D /* potion.h */ = {isa = PBXFileReference; fileEncoding = 4; lastKnownFileType = sourcecode.c.h; path = potion.h; sourceTree = "<group>"; };
		95AFC5EA1F1BF234005BAD4D /* shade.cc */ = {isa = PBXFileReference; fileEncoding = 4; lastKnownFileType = sourcecode.cpp.cpp; path = shade.cc; sourceTree = "<group>"; };
		95AFC5EB1F1BF234005BAD4D /* shade.h */ = {isa = PBXFileReference; fileEncoding = 4; lastKnownFileType = sourcecode.c.h; path = shade.h; sourceTree = "<group>"; };
		95AFC5ED1F1BFAAF005BAD4D /* drow.cc */ = {isa = PBXFileReference; fileEncoding = 4; lastKnownFileType = sourcecode.cpp.cpp; path = drow.cc; sourceTree = "<group>"; };
		95AFC5EE1F1BFAAF005BAD4D /* drow.h */ = {isa = PBXFileReference; fileEncoding = 4; lastKnownFileType = sourcecode.c.h; path = drow.h; sourceTree = "<group>"; };
		95AFC5F01F1BFCBD005BAD4D /* vampire.cc */ = {isa = PBXFileReference; fileEncoding = 4; lastKnownFileType = sourcecode.cpp.cpp; path = vampire.cc; sourceTree = "<group>"; };
		95AFC5F11F1BFCBD005BAD4D /* vampire.h */ = {isa = PBXFileReference; fileEncoding = 4; lastKnownFileType = sourcecode.c.h; path = vampire.h; sourceTree = "<group>"; };
		95AFC5F31F1BFD5E005BAD4D /* troll.cc */ = {isa = PBXFileReference; fileEncoding = 4; lastKnownFileType = sourcecode.cpp.cpp; path = troll.cc; sourceTree = "<group>"; };
		95AFC5F41F1BFD5E005BAD4D /* troll.h */ = {isa = PBXFileReference; fileEncoding = 4; lastKnownFileType = sourcecode.c.h; path = troll.h; sourceTree = "<group>"; };
		95AFC5F61F1BFEE9005BAD4D /* goblin.cc */ = {isa = PBXFileReference; fileEncoding = 4; lastKnownFileType = sourcecode.cpp.cpp; path = goblin.cc; sourceTree = "<group>"; };
		95AFC5F71F1BFEE9005BAD4D /* goblin.h */ = {isa = PBXFileReference; fileEncoding = 4; lastKnownFileType = sourcecode.c.h; path = goblin.h; sourceTree = "<group>"; };
/* End PBXFileReference section */

/* Begin PBXFrameworksBuildPhase section */
		9568A9311F182E7700B5AFEA /* Frameworks */ = {
			isa = PBXFrameworksBuildPhase;
			buildActionMask = 2147483647;
			files = (
			);
			runOnlyForDeploymentPostprocessing = 0;
		};
/* End PBXFrameworksBuildPhase section */

/* Begin PBXGroup section */
		9568A92B1F182E7700B5AFEA = {
			isa = PBXGroup;
			children = (
				9568A9361F182E7700B5AFEA /* CC3K */,
				9568A9351F182E7700B5AFEA /* Products */,
			);
			sourceTree = "<group>";
		};
		9568A9351F182E7700B5AFEA /* Products */ = {
			isa = PBXGroup;
			children = (
				9568A9341F182E7700B5AFEA /* CC3K */,
			);
			name = Products;
			sourceTree = "<group>";
		};
		9568A9361F182E7700B5AFEA /* CC3K */ = {
			isa = PBXGroup;
			children = (
				9568A9371F182E7700B5AFEA /* main.cc */,
				95AFC5DC1F196D35005BAD4D /* floor.h */,
				95AFC5DB1F196D35005BAD4D /* floor.cc */,
				95AFC5DF1F196DA3005BAD4D /* thing.h */,
				95AFC5DE1F196DA3005BAD4D /* thing.cc */,
				95AFC5E21F1BCBDB005BAD4D /* player.h */,
				95AFC5E11F1BCBDB005BAD4D /* player.cc */,
				95AFC5EB1F1BF234005BAD4D /* shade.h */,
				95AFC5EA1F1BF234005BAD4D /* shade.cc */,
				95AFC5EE1F1BFAAF005BAD4D /* drow.h */,
				95AFC5ED1F1BFAAF005BAD4D /* drow.cc */,
				95AFC5F11F1BFCBD005BAD4D /* vampire.h */,
				95AFC5F01F1BFCBD005BAD4D /* vampire.cc */,
				95AFC5F41F1BFD5E005BAD4D /* troll.h */,
				95AFC5F31F1BFD5E005BAD4D /* troll.cc */,
				95AFC5F71F1BFEE9005BAD4D /* goblin.h */,
				95AFC5F61F1BFEE9005BAD4D /* goblin.cc */,
				95AFC5E51F1BCC28005BAD4D /* gold.h */,
				95AFC5E41F1BCC28005BAD4D /* gold.cc */,
				95AFC5E81F1BCC74005BAD4D /* potion.h */,
				95AFC5E71F1BCC74005BAD4D /* potion.cc */,
			);
			path = CC3K;
			sourceTree = "<group>";
		};
/* End PBXGroup section */

/* Begin PBXNativeTarget section */
		9568A9331F182E7700B5AFEA /* CC3K */ = {
			isa = PBXNativeTarget;
			buildConfigurationList = 9568A93B1F182E7700B5AFEA /* Build configuration list for PBXNativeTarget "CC3K" */;
			buildPhases = (
				9568A9301F182E7700B5AFEA /* Sources */,
				9568A9311F182E7700B5AFEA /* Frameworks */,
				9568A9321F182E7700B5AFEA /* CopyFiles */,
			);
			buildRules = (
			);
			dependencies = (
			);
			name = CC3K;
			productName = CC3K;
			productReference = 9568A9341F182E7700B5AFEA /* CC3K */;
			productType = "com.apple.product-type.tool";
		};
/* End PBXNativeTarget section */

/* Begin PBXProject section */
		9568A92C1F182E7700B5AFEA /* Project object */ = {
			isa = PBXProject;
			attributes = {
				LastUpgradeCheck = 0830;
				ORGANIZATIONNAME = Dennis;
				TargetAttributes = {
					9568A9331F182E7700B5AFEA = {
						CreatedOnToolsVersion = 8.3.3;
						ProvisioningStyle = Automatic;
					};
				};
			};
			buildConfigurationList = 9568A92F1F182E7700B5AFEA /* Build configuration list for PBXProject "CC3K" */;
			compatibilityVersion = "Xcode 3.2";
			developmentRegion = English;
			hasScannedForEncodings = 0;
			knownRegions = (
				en,
			);
			mainGroup = 9568A92B1F182E7700B5AFEA;
			productRefGroup = 9568A9351F182E7700B5AFEA /* Products */;
			projectDirPath = "";
			projectRoot = "";
			targets = (
				9568A9331F182E7700B5AFEA /* CC3K */,
			);
		};
/* End PBXProject section */

/* Begin PBXSourcesBuildPhase section */
		9568A9301F182E7700B5AFEA /* Sources */ = {
			isa = PBXSourcesBuildPhase;
			buildActionMask = 2147483647;
			files = (
				95AFC5F81F1BFEE9005BAD4D /* goblin.cc in Sources */,
				95AFC5F21F1BFCBD005BAD4D /* vampire.cc in Sources */,
				95AFC5EC1F1BF234005BAD4D /* shade.cc in Sources */,
				95AFC5E31F1BCBDB005BAD4D /* player.cc in Sources */,
				95AFC5F51F1BFD5E005BAD4D /* troll.cc in Sources */,
				95AFC5DD1F196D35005BAD4D /* floor.cc in Sources */,
				95AFC5E91F1BCC74005BAD4D /* potion.cc in Sources */,
				9568A9381F182E7700B5AFEA /* main.cc in Sources */,
				95AFC5EF1F1BFAAF005BAD4D /* drow.cc in Sources */,
				95AFC5E61F1BCC28005BAD4D /* gold.cc in Sources */,
				95AFC5E01F196DA3005BAD4D /* thing.cc in Sources */,
			);
			runOnlyForDeploymentPostprocessing = 0;
		};
/* End PBXSourcesBuildPhase section */

/* Begin XCBuildConfiguration section */
		9568A9391F182E7700B5AFEA /* Debug */ = {
			isa = XCBuildConfiguration;
			buildSettings = {
				ALWAYS_SEARCH_USER_PATHS = NO;
				CLANG_ANALYZER_NONNULL = YES;
				CLANG_ANALYZER_NUMBER_OBJECT_CONVERSION = YES_AGGRESSIVE;
				CLANG_CXX_LANGUAGE_STANDARD = "gnu++0x";
				CLANG_CXX_LIBRARY = "libc++";
				CLANG_ENABLE_MODULES = YES;
				CLANG_ENABLE_OBJC_ARC = YES;
				CLANG_WARN_BOOL_CONVERSION = YES;
				CLANG_WARN_CONSTANT_CONVERSION = YES;
				CLANG_WARN_DIRECT_OBJC_ISA_USAGE = YES_ERROR;
				CLANG_WARN_DOCUMENTATION_COMMENTS = YES;
				CLANG_WARN_EMPTY_BODY = YES;
				CLANG_WARN_ENUM_CONVERSION = YES;
				CLANG_WARN_INFINITE_RECURSION = YES;
				CLANG_WARN_INT_CONVERSION = YES;
				CLANG_WARN_OBJC_ROOT_CLASS = YES_ERROR;
				CLANG_WARN_SUSPICIOUS_MOVE = YES;
				CLANG_WARN_UNREACHABLE_CODE = YES;
				CLANG_WARN__DUPLICATE_METHOD_MATCH = YES;
				CODE_SIGN_IDENTITY = "-";
				COPY_PHASE_STRIP = NO;
				DEBUG_INFORMATION_FORMAT = dwarf;
				ENABLE_STRICT_OBJC_MSGSEND = YES;
				ENABLE_TESTABILITY = YES;
				GCC_C_LANGUAGE_STANDARD = gnu99;
				GCC_DYNAMIC_NO_PIC = NO;
				GCC_NO_COMMON_BLOCKS = YES;
				GCC_OPTIMIZATION_LEVEL = 0;
				GCC_PREPROCESSOR_DEFINITIONS = (
					"DEBUG=1",
					"$(inherited)",
				);
				GCC_WARN_64_TO_32_BIT_CONVERSION = YES;
				GCC_WARN_ABOUT_RETURN_TYPE = YES_ERROR;
				GCC_WARN_UNDECLARED_SELECTOR = YES;
				GCC_WARN_UNINITIALIZED_AUTOS = YES_AGGRESSIVE;
				GCC_WARN_UNUSED_FUNCTION = YES;
				GCC_WARN_UNUSED_VARIABLE = YES;
				MACOSX_DEPLOYMENT_TARGET = 10.12;
				MTL_ENABLE_DEBUG_INFO = YES;
				ONLY_ACTIVE_ARCH = YES;
				SDKROOT = macosx;
			};
			name = Debug;
		};
		9568A93A1F182E7700B5AFEA /* Release */ = {
			isa = XCBuildConfiguration;
			buildSettings = {
				ALWAYS_SEARCH_USER_PATHS = NO;
				CLANG_ANALYZER_NONNULL = YES;
				CLANG_ANALYZER_NUMBER_OBJECT_CONVERSION = YES_AGGRESSIVE;
				CLANG_CXX_LANGUAGE_STANDARD = "gnu++0x";
				CLANG_CXX_LIBRARY = "libc++";
				CLANG_ENABLE_MODULES = YES;
				CLANG_ENABLE_OBJC_ARC = YES;
				CLANG_WARN_BOOL_CONVERSION = YES;
				CLANG_WARN_CONSTANT_CONVERSION = YES;
				CLANG_WARN_DIRECT_OBJC_ISA_USAGE = YES_ERROR;
				CLANG_WARN_DOCUMENTATION_COMMENTS = YES;
				CLANG_WARN_EMPTY_BODY = YES;
				CLANG_WARN_ENUM_CONVERSION = YES;
				CLANG_WARN_INFINITE_RECURSION = YES;
				CLANG_WARN_INT_CONVERSION = YES;
				CLANG_WARN_OBJC_ROOT_CLASS = YES_ERROR;
				CLANG_WARN_SUSPICIOUS_MOVE = YES;
				CLANG_WARN_UNREACHABLE_CODE = YES;
				CLANG_WARN__DUPLICATE_METHOD_MATCH = YES;
				CODE_SIGN_IDENTITY = "-";
				COPY_PHASE_STRIP = NO;
				DEBUG_INFORMATION_FORMAT = "dwarf-with-dsym";
				ENABLE_NS_ASSERTIONS = NO;
				ENABLE_STRICT_OBJC_MSGSEND = YES;
				GCC_C_LANGUAGE_STANDARD = gnu99;
				GCC_NO_COMMON_BLOCKS = YES;
				GCC_WARN_64_TO_32_BIT_CONVERSION = YES;
				GCC_WARN_ABOUT_RETURN_TYPE = YES_ERROR;
				GCC_WARN_UNDECLARED_SELECTOR = YES;
				GCC_WARN_UNINITIALIZED_AUTOS = YES_AGGRESSIVE;
				GCC_WARN_UNUSED_FUNCTION = YES;
				GCC_WARN_UNUSED_VARIABLE = YES;
				MACOSX_DEPLOYMENT_TARGET = 10.12;
				MTL_ENABLE_DEBUG_INFO = NO;
				SDKROOT = macosx;
			};
			name = Release;
		};
		9568A93C1F182E7700B5AFEA /* Debug */ = {
			isa = XCBuildConfiguration;
			buildSettings = {
				PRODUCT_NAME = "$(TARGET_NAME)";
			};
			name = Debug;
		};
		9568A93D1F182E7700B5AFEA /* Release */ = {
			isa = XCBuildConfiguration;
			buildSettings = {
				PRODUCT_NAME = "$(TARGET_NAME)";
			};
			name = Release;
		};
/* End XCBuildConfiguration section */

/* Begin XCConfigurationList section */
		9568A92F1F182E7700B5AFEA /* Build configuration list for PBXProject "CC3K" */ = {
			isa = XCConfigurationList;
			buildConfigurations = (
				9568A9391F182E7700B5AFEA /* Debug */,
				9568A93A1F182E7700B5AFEA /* Release */,
			);
			defaultConfigurationIsVisible = 0;
			defaultConfigurationName = Release;
		};
		9568A93B1F182E7700B5AFEA /* Build configuration list for PBXNativeTarget "CC3K" */ = {
			isa = XCConfigurationList;
			buildConfigurations = (
				9568A93C1F182E7700B5AFEA /* Debug */,
				9568A93D1F182E7700B5AFEA /* Release */,
			);
			defaultConfigurationIsVisible = 0;
			defaultConfigurationName = Release;
		};
/* End XCConfigurationList section */
	};
	rootObject = 9568A92C1F182E7700B5AFEA /* Project object */;
}
